// !$*UTF8*$!
{
	archiveVersion = 1;
	classes = {
	};
	objectVersion = 56;
	objects = {

/* Begin PBXBuildFile section */
		56E6EC72191EAD3A5962B55A /* Pods_ExampleApp.framework in Frameworks */ = {isa = PBXBuildFile; fileRef = 72C8A7A95288D49E1FC887A7 /* Pods_ExampleApp.framework */; };
		5AFEF211D91E79BC9BA7BCBC /* Pods_ExampleApp_ExampleAppUITests.framework in Frameworks */ = {isa = PBXBuildFile; fileRef = 3EEEC28F7FAAB743796D5BC0 /* Pods_ExampleApp_ExampleAppUITests.framework */; };
		7EC49437C8CB5BF3409BC87C /* Pods_ExampleAppTests.framework in Frameworks */ = {isa = PBXBuildFile; fileRef = B35BFA338881016EA8DD1D78 /* Pods_ExampleAppTests.framework */; };
		CE259EC92B99CCB60035CC36 /* mopro.swift in Sources */ = {isa = PBXBuildFile; fileRef = CE259EC82B99CCB60035CC36 /* mopro.swift */; };
		CE259ECB2B99DF5D0035CC36 /* mopro.swift in Sources */ = {isa = PBXBuildFile; fileRef = CE259EC82B99CCB60035CC36 /* mopro.swift */; };
		CE259ECC2B99DF5E0035CC36 /* mopro.swift in Sources */ = {isa = PBXBuildFile; fileRef = CE259EC82B99CCB60035CC36 /* mopro.swift */; };
		CEBBB4072B9C1974007305CF /* MultiplierCircuitView.swift in Sources */ = {isa = PBXBuildFile; fileRef = CEBBB4062B9C1974007305CF /* MultiplierCircuitView.swift */; };
		CEBBB4092B9C1A36007305CF /* KeccakCircuitView.swift in Sources */ = {isa = PBXBuildFile; fileRef = CEBBB4082B9C1A36007305CF /* KeccakCircuitView.swift */; };
		CEBBB40B2B9C1BE5007305CF /* Utils.swift in Sources */ = {isa = PBXBuildFile; fileRef = CEBBB40A2B9C1BE5007305CF /* Utils.swift */; };
		CEF891252B9834BB0033AE93 /* ExampleAppApp.swift in Sources */ = {isa = PBXBuildFile; fileRef = CEF891242B9834BB0033AE93 /* ExampleAppApp.swift */; };
		CEF891292B9834BC0033AE93 /* Assets.xcassets in Resources */ = {isa = PBXBuildFile; fileRef = CEF891282B9834BC0033AE93 /* Assets.xcassets */; };
		CEF8912C2B9834BC0033AE93 /* Preview Assets.xcassets in Resources */ = {isa = PBXBuildFile; fileRef = CEF8912B2B9834BC0033AE93 /* Preview Assets.xcassets */; };
		CEF891362B9834BC0033AE93 /* ExampleAppTests.swift in Sources */ = {isa = PBXBuildFile; fileRef = CEF891352B9834BC0033AE93 /* ExampleAppTests.swift */; };
		CEF891402B9834BC0033AE93 /* ExampleAppUITests.swift in Sources */ = {isa = PBXBuildFile; fileRef = CEF8913F2B9834BC0033AE93 /* ExampleAppUITests.swift */; };
		CEF891422B9834BC0033AE93 /* ExampleAppUITestsLaunchTests.swift in Sources */ = {isa = PBXBuildFile; fileRef = CEF891412B9834BC0033AE93 /* ExampleAppUITestsLaunchTests.swift */; };
		CEFE53D22BA0009D00C62826 /* KeccakDylibCircuitView.swift in Sources */ = {isa = PBXBuildFile; fileRef = CEFE53D12BA0009D00C62826 /* KeccakDylibCircuitView.swift */; };
/* End PBXBuildFile section */

/* Begin PBXContainerItemProxy section */
		CEF891322B9834BC0033AE93 /* PBXContainerItemProxy */ = {
			isa = PBXContainerItemProxy;
			containerPortal = CEF891192B9834BB0033AE93 /* Project object */;
			proxyType = 1;
			remoteGlobalIDString = CEF891202B9834BB0033AE93;
			remoteInfo = ExampleApp;
		};
		CEF8913C2B9834BC0033AE93 /* PBXContainerItemProxy */ = {
			isa = PBXContainerItemProxy;
			containerPortal = CEF891192B9834BB0033AE93 /* Project object */;
			proxyType = 1;
			remoteGlobalIDString = CEF891202B9834BB0033AE93;
			remoteInfo = ExampleApp;
		};
/* End PBXContainerItemProxy section */

/* Begin PBXFileReference section */
		2B295895D9D651ADC8A3FD53 /* Pods-ExampleAppTests.release.xcconfig */ = {isa = PBXFileReference; includeInIndex = 1; lastKnownFileType = text.xcconfig; name = "Pods-ExampleAppTests.release.xcconfig"; path = "Target Support Files/Pods-ExampleAppTests/Pods-ExampleAppTests.release.xcconfig"; sourceTree = "<group>"; };
		34902FC9EAE055F0B5C523BE /* Pods-ExampleApp.debug.xcconfig */ = {isa = PBXFileReference; includeInIndex = 1; lastKnownFileType = text.xcconfig; name = "Pods-ExampleApp.debug.xcconfig"; path = "Target Support Files/Pods-ExampleApp/Pods-ExampleApp.debug.xcconfig"; sourceTree = "<group>"; };
		3EEEC28F7FAAB743796D5BC0 /* Pods_ExampleApp_ExampleAppUITests.framework */ = {isa = PBXFileReference; explicitFileType = wrapper.framework; includeInIndex = 0; path = Pods_ExampleApp_ExampleAppUITests.framework; sourceTree = BUILT_PRODUCTS_DIR; };
		62FB889F6A23D771D5DF296E /* Pods-ExampleAppTests.debug.xcconfig */ = {isa = PBXFileReference; includeInIndex = 1; lastKnownFileType = text.xcconfig; name = "Pods-ExampleAppTests.debug.xcconfig"; path = "Target Support Files/Pods-ExampleAppTests/Pods-ExampleAppTests.debug.xcconfig"; sourceTree = "<group>"; };
		72C8A7A95288D49E1FC887A7 /* Pods_ExampleApp.framework */ = {isa = PBXFileReference; explicitFileType = wrapper.framework; includeInIndex = 0; path = Pods_ExampleApp.framework; sourceTree = BUILT_PRODUCTS_DIR; };
		79F2CCF85316717FBA0047F7 /* Pods-ExampleApp.release.xcconfig */ = {isa = PBXFileReference; includeInIndex = 1; lastKnownFileType = text.xcconfig; name = "Pods-ExampleApp.release.xcconfig"; path = "Target Support Files/Pods-ExampleApp/Pods-ExampleApp.release.xcconfig"; sourceTree = "<group>"; };
		B35BFA338881016EA8DD1D78 /* Pods_ExampleAppTests.framework */ = {isa = PBXFileReference; explicitFileType = wrapper.framework; includeInIndex = 0; path = Pods_ExampleAppTests.framework; sourceTree = BUILT_PRODUCTS_DIR; };
		C54051D9C0E3A7517C109F23 /* Pods-ExampleApp-ExampleAppUITests.debug.xcconfig */ = {isa = PBXFileReference; includeInIndex = 1; lastKnownFileType = text.xcconfig; name = "Pods-ExampleApp-ExampleAppUITests.debug.xcconfig"; path = "Target Support Files/Pods-ExampleApp-ExampleAppUITests/Pods-ExampleApp-ExampleAppUITests.debug.xcconfig"; sourceTree = "<group>"; };
		CE259EC32B99C4000035CC36 /* MoproBindings.xcframework */ = {isa = PBXFileReference; lastKnownFileType = wrapper.xcframework; name = MoproBindings.xcframework; path = Frameworks/MoproBindings.xcframework; sourceTree = "<group>"; };
		CE259EC82B99CCB60035CC36 /* mopro.swift */ = {isa = PBXFileReference; fileEncoding = 4; lastKnownFileType = sourcecode.swift; name = mopro.swift; path = Bindings/mopro.swift; sourceTree = SOURCE_ROOT; };
		CEBBB4062B9C1974007305CF /* MultiplierCircuitView.swift */ = {isa = PBXFileReference; lastKnownFileType = sourcecode.swift; path = MultiplierCircuitView.swift; sourceTree = "<group>"; };
		CEBBB4082B9C1A36007305CF /* KeccakCircuitView.swift */ = {isa = PBXFileReference; fileEncoding = 4; lastKnownFileType = sourcecode.swift; path = KeccakCircuitView.swift; sourceTree = "<group>"; };
		CEBBB40A2B9C1BE5007305CF /* Utils.swift */ = {isa = PBXFileReference; lastKnownFileType = sourcecode.swift; path = Utils.swift; sourceTree = "<group>"; };
		CEF891212B9834BB0033AE93 /* ExampleApp.app */ = {isa = PBXFileReference; explicitFileType = wrapper.application; includeInIndex = 0; path = ExampleApp.app; sourceTree = BUILT_PRODUCTS_DIR; };
		CEF891242B9834BB0033AE93 /* ExampleAppApp.swift */ = {isa = PBXFileReference; lastKnownFileType = sourcecode.swift; path = ExampleAppApp.swift; sourceTree = "<group>"; };
		CEF891282B9834BC0033AE93 /* Assets.xcassets */ = {isa = PBXFileReference; lastKnownFileType = folder.assetcatalog; path = Assets.xcassets; sourceTree = "<group>"; };
		CEF8912B2B9834BC0033AE93 /* Preview Assets.xcassets */ = {isa = PBXFileReference; lastKnownFileType = folder.assetcatalog; path = "Preview Assets.xcassets"; sourceTree = "<group>"; };
		CEF891312B9834BC0033AE93 /* ExampleAppTests.xctest */ = {isa = PBXFileReference; explicitFileType = wrapper.cfbundle; includeInIndex = 0; path = ExampleAppTests.xctest; sourceTree = BUILT_PRODUCTS_DIR; };
		CEF891352B9834BC0033AE93 /* ExampleAppTests.swift */ = {isa = PBXFileReference; lastKnownFileType = sourcecode.swift; path = ExampleAppTests.swift; sourceTree = "<group>"; };
		CEF8913B2B9834BC0033AE93 /* ExampleAppUITests.xctest */ = {isa = PBXFileReference; explicitFileType = wrapper.cfbundle; includeInIndex = 0; path = ExampleAppUITests.xctest; sourceTree = BUILT_PRODUCTS_DIR; };
		CEF8913F2B9834BC0033AE93 /* ExampleAppUITests.swift */ = {isa = PBXFileReference; lastKnownFileType = sourcecode.swift; path = ExampleAppUITests.swift; sourceTree = "<group>"; };
		CEF891412B9834BC0033AE93 /* ExampleAppUITestsLaunchTests.swift */ = {isa = PBXFileReference; lastKnownFileType = sourcecode.swift; path = ExampleAppUITestsLaunchTests.swift; sourceTree = "<group>"; };
		CEFE53D12BA0009D00C62826 /* KeccakDylibCircuitView.swift */ = {isa = PBXFileReference; lastKnownFileType = sourcecode.swift; path = KeccakDylibCircuitView.swift; sourceTree = "<group>"; };
		F80B6518EE5CB44358676AD9 /* Pods-ExampleApp-ExampleAppUITests.release.xcconfig */ = {isa = PBXFileReference; includeInIndex = 1; lastKnownFileType = text.xcconfig; name = "Pods-ExampleApp-ExampleAppUITests.release.xcconfig"; path = "Target Support Files/Pods-ExampleApp-ExampleAppUITests/Pods-ExampleApp-ExampleAppUITests.release.xcconfig"; sourceTree = "<group>"; };
/* End PBXFileReference section */

/* Begin PBXFrameworksBuildPhase section */
		CEF8911E2B9834BB0033AE93 /* Frameworks */ = {
			isa = PBXFrameworksBuildPhase;
			buildActionMask = 2147483647;
			files = (
				56E6EC72191EAD3A5962B55A /* Pods_ExampleApp.framework in Frameworks */,
			);
			runOnlyForDeploymentPostprocessing = 0;
		};
		CEF8912E2B9834BC0033AE93 /* Frameworks */ = {
			isa = PBXFrameworksBuildPhase;
			buildActionMask = 2147483647;
			files = (
				7EC49437C8CB5BF3409BC87C /* Pods_ExampleAppTests.framework in Frameworks */,
			);
			runOnlyForDeploymentPostprocessing = 0;
		};
		CEF891382B9834BC0033AE93 /* Frameworks */ = {
			isa = PBXFrameworksBuildPhase;
			buildActionMask = 2147483647;
			files = (
				5AFEF211D91E79BC9BA7BCBC /* Pods_ExampleApp_ExampleAppUITests.framework in Frameworks */,
			);
			runOnlyForDeploymentPostprocessing = 0;
		};
/* End PBXFrameworksBuildPhase section */

/* Begin PBXGroup section */
		5136222B85F0E84A139674AE /* Pods */ = {
			isa = PBXGroup;
			children = (
				34902FC9EAE055F0B5C523BE /* Pods-ExampleApp.debug.xcconfig */,
				79F2CCF85316717FBA0047F7 /* Pods-ExampleApp.release.xcconfig */,
				C54051D9C0E3A7517C109F23 /* Pods-ExampleApp-ExampleAppUITests.debug.xcconfig */,
				F80B6518EE5CB44358676AD9 /* Pods-ExampleApp-ExampleAppUITests.release.xcconfig */,
				62FB889F6A23D771D5DF296E /* Pods-ExampleAppTests.debug.xcconfig */,
				2B295895D9D651ADC8A3FD53 /* Pods-ExampleAppTests.release.xcconfig */,
			);
			path = Pods;
			sourceTree = "<group>";
		};
		CE259ECA2B99DEED0035CC36 /* Bindings */ = {
			isa = PBXGroup;
			children = (
				CE259EC82B99CCB60035CC36 /* mopro.swift */,
			);
			path = Bindings;
			sourceTree = "<group>";
		};
		CEF891182B9834BB0033AE93 = {
			isa = PBXGroup;
			children = (
				CE259ECA2B99DEED0035CC36 /* Bindings */,
				CEF891232B9834BB0033AE93 /* ExampleApp */,
				CEF891342B9834BC0033AE93 /* ExampleAppTests */,
				CEF8913E2B9834BC0033AE93 /* ExampleAppUITests */,
				CEF891222B9834BB0033AE93 /* Products */,
				5136222B85F0E84A139674AE /* Pods */,
				F961E5704F1974723EA6F02C /* Frameworks */,
			);
			sourceTree = "<group>";
		};
		CEF891222B9834BB0033AE93 /* Products */ = {
			isa = PBXGroup;
			children = (
				CEF891212B9834BB0033AE93 /* ExampleApp.app */,
				CEF891312B9834BC0033AE93 /* ExampleAppTests.xctest */,
				CEF8913B2B9834BC0033AE93 /* ExampleAppUITests.xctest */,
			);
			name = Products;
			sourceTree = "<group>";
		};
		CEF891232B9834BB0033AE93 /* ExampleApp */ = {
			isa = PBXGroup;
			children = (
				CEBBB4062B9C1974007305CF /* MultiplierCircuitView.swift */,
				CEFE53D12BA0009D00C62826 /* KeccakDylibCircuitView.swift */,
				CEF891242B9834BB0033AE93 /* ExampleAppApp.swift */,
				CEBBB4082B9C1A36007305CF /* KeccakCircuitView.swift */,
				CEF891282B9834BC0033AE93 /* Assets.xcassets */,
				CEF8912A2B9834BC0033AE93 /* Preview Content */,
				CEBBB40A2B9C1BE5007305CF /* Utils.swift */,
			);
			path = ExampleApp;
			sourceTree = "<group>";
		};
		CEF8912A2B9834BC0033AE93 /* Preview Content */ = {
			isa = PBXGroup;
			children = (
				CEF8912B2B9834BC0033AE93 /* Preview Assets.xcassets */,
			);
			path = "Preview Content";
			sourceTree = "<group>";
		};
		CEF891342B9834BC0033AE93 /* ExampleAppTests */ = {
			isa = PBXGroup;
			children = (
				CEF891352B9834BC0033AE93 /* ExampleAppTests.swift */,
			);
			path = ExampleAppTests;
			sourceTree = "<group>";
		};
		CEF8913E2B9834BC0033AE93 /* ExampleAppUITests */ = {
			isa = PBXGroup;
			children = (
				CEF8913F2B9834BC0033AE93 /* ExampleAppUITests.swift */,
				CEF891412B9834BC0033AE93 /* ExampleAppUITestsLaunchTests.swift */,
			);
			path = ExampleAppUITests;
			sourceTree = "<group>";
		};
		F961E5704F1974723EA6F02C /* Frameworks */ = {
			isa = PBXGroup;
			children = (
				CE259EC32B99C4000035CC36 /* MoproBindings.xcframework */,
				72C8A7A95288D49E1FC887A7 /* Pods_ExampleApp.framework */,
				3EEEC28F7FAAB743796D5BC0 /* Pods_ExampleApp_ExampleAppUITests.framework */,
				B35BFA338881016EA8DD1D78 /* Pods_ExampleAppTests.framework */,
			);
			name = Frameworks;
			sourceTree = "<group>";
		};
/* End PBXGroup section */

/* Begin PBXNativeTarget section */
		CEF891202B9834BB0033AE93 /* ExampleApp */ = {
			isa = PBXNativeTarget;
			buildConfigurationList = CEF891452B9834BC0033AE93 /* Build configuration list for PBXNativeTarget "ExampleApp" */;
			buildPhases = (
				D0B160FF4183835AB8D6E067 /* [CP] Check Pods Manifest.lock */,
				CEF8911D2B9834BB0033AE93 /* Sources */,
				CEF8911E2B9834BB0033AE93 /* Frameworks */,
				CEF8911F2B9834BB0033AE93 /* Resources */,
			);
			buildRules = (
			);
			dependencies = (
			);
			name = ExampleApp;
			productName = ExampleApp;
			productReference = CEF891212B9834BB0033AE93 /* ExampleApp.app */;
			productType = "com.apple.product-type.application";
		};
		CEF891302B9834BC0033AE93 /* ExampleAppTests */ = {
			isa = PBXNativeTarget;
			buildConfigurationList = CEF891482B9834BC0033AE93 /* Build configuration list for PBXNativeTarget "ExampleAppTests" */;
			buildPhases = (
				948272459A70D0DBA4326470 /* [CP] Check Pods Manifest.lock */,
				CEF8912D2B9834BC0033AE93 /* Sources */,
				CEF8912E2B9834BC0033AE93 /* Frameworks */,
				CEF8912F2B9834BC0033AE93 /* Resources */,
			);
			buildRules = (
			);
			dependencies = (
				CEF891332B9834BC0033AE93 /* PBXTargetDependency */,
			);
			name = ExampleAppTests;
			productName = ExampleAppTests;
			productReference = CEF891312B9834BC0033AE93 /* ExampleAppTests.xctest */;
			productType = "com.apple.product-type.bundle.unit-test";
		};
		CEF8913A2B9834BC0033AE93 /* ExampleAppUITests */ = {
			isa = PBXNativeTarget;
			buildConfigurationList = CEF8914B2B9834BC0033AE93 /* Build configuration list for PBXNativeTarget "ExampleAppUITests" */;
			buildPhases = (
				9EB83ED54756F494E0605EB3 /* [CP] Check Pods Manifest.lock */,
				CEF891372B9834BC0033AE93 /* Sources */,
				CEF891382B9834BC0033AE93 /* Frameworks */,
				CEF891392B9834BC0033AE93 /* Resources */,
			);
			buildRules = (
			);
			dependencies = (
				CEF8913D2B9834BC0033AE93 /* PBXTargetDependency */,
			);
			name = ExampleAppUITests;
			productName = ExampleAppUITests;
			productReference = CEF8913B2B9834BC0033AE93 /* ExampleAppUITests.xctest */;
			productType = "com.apple.product-type.bundle.ui-testing";
		};
/* End PBXNativeTarget section */

/* Begin PBXProject section */
		CEF891192B9834BB0033AE93 /* Project object */ = {
			isa = PBXProject;
			attributes = {
				BuildIndependentTargetsInParallel = 1;
				LastSwiftUpdateCheck = 1520;
				LastUpgradeCheck = 1520;
				TargetAttributes = {
					CEF891202B9834BB0033AE93 = {
						CreatedOnToolsVersion = 15.2;
					};
					CEF891302B9834BC0033AE93 = {
						CreatedOnToolsVersion = 15.2;
						TestTargetID = CEF891202B9834BB0033AE93;
					};
					CEF8913A2B9834BC0033AE93 = {
						CreatedOnToolsVersion = 15.2;
						TestTargetID = CEF891202B9834BB0033AE93;
					};
				};
			};
			buildConfigurationList = CEF8911C2B9834BB0033AE93 /* Build configuration list for PBXProject "ExampleApp" */;
			compatibilityVersion = "Xcode 14.0";
			developmentRegion = en;
			hasScannedForEncodings = 0;
			knownRegions = (
				en,
				Base,
			);
			mainGroup = CEF891182B9834BB0033AE93;
			productRefGroup = CEF891222B9834BB0033AE93 /* Products */;
			projectDirPath = "";
			projectRoot = "";
			targets = (
				CEF891202B9834BB0033AE93 /* ExampleApp */,
				CEF891302B9834BC0033AE93 /* ExampleAppTests */,
				CEF8913A2B9834BC0033AE93 /* ExampleAppUITests */,
			);
		};
/* End PBXProject section */

/* Begin PBXResourcesBuildPhase section */
		CEF8911F2B9834BB0033AE93 /* Resources */ = {
			isa = PBXResourcesBuildPhase;
			buildActionMask = 2147483647;
			files = (
				CEF8912C2B9834BC0033AE93 /* Preview Assets.xcassets in Resources */,
				CEF891292B9834BC0033AE93 /* Assets.xcassets in Resources */,
			);
			runOnlyForDeploymentPostprocessing = 0;
		};
		CEF8912F2B9834BC0033AE93 /* Resources */ = {
			isa = PBXResourcesBuildPhase;
			buildActionMask = 2147483647;
			files = (
			);
			runOnlyForDeploymentPostprocessing = 0;
		};
		CEF891392B9834BC0033AE93 /* Resources */ = {
			isa = PBXResourcesBuildPhase;
			buildActionMask = 2147483647;
			files = (
			);
			runOnlyForDeploymentPostprocessing = 0;
		};
/* End PBXResourcesBuildPhase section */

/* Begin PBXShellScriptBuildPhase section */
		948272459A70D0DBA4326470 /* [CP] Check Pods Manifest.lock */ = {
			isa = PBXShellScriptBuildPhase;
			buildActionMask = 2147483647;
			files = (
			);
			inputFileListPaths = (
			);
			inputPaths = (
				"${PODS_PODFILE_DIR_PATH}/Podfile.lock",
				"${PODS_ROOT}/Manifest.lock",
			);
			name = "[CP] Check Pods Manifest.lock";
			outputFileListPaths = (
			);
			outputPaths = (
				"$(DERIVED_FILE_DIR)/Pods-ExampleAppTests-checkManifestLockResult.txt",
			);
			runOnlyForDeploymentPostprocessing = 0;
			shellPath = /bin/sh;
			shellScript = "diff \"${PODS_PODFILE_DIR_PATH}/Podfile.lock\" \"${PODS_ROOT}/Manifest.lock\" > /dev/null\nif [ $? != 0 ] ; then\n    # print error to STDERR\n    echo \"error: The sandbox is not in sync with the Podfile.lock. Run 'pod install' or update your CocoaPods installation.\" >&2\n    exit 1\nfi\n# This output is used by Xcode 'outputs' to avoid re-running this script phase.\necho \"SUCCESS\" > \"${SCRIPT_OUTPUT_FILE_0}\"\n";
			showEnvVarsInLog = 0;
		};
		9EB83ED54756F494E0605EB3 /* [CP] Check Pods Manifest.lock */ = {
			isa = PBXShellScriptBuildPhase;
			buildActionMask = 2147483647;
			files = (
			);
			inputFileListPaths = (
			);
			inputPaths = (
				"${PODS_PODFILE_DIR_PATH}/Podfile.lock",
				"${PODS_ROOT}/Manifest.lock",
			);
			name = "[CP] Check Pods Manifest.lock";
			outputFileListPaths = (
			);
			outputPaths = (
				"$(DERIVED_FILE_DIR)/Pods-ExampleApp-ExampleAppUITests-checkManifestLockResult.txt",
			);
			runOnlyForDeploymentPostprocessing = 0;
			shellPath = /bin/sh;
			shellScript = "diff \"${PODS_PODFILE_DIR_PATH}/Podfile.lock\" \"${PODS_ROOT}/Manifest.lock\" > /dev/null\nif [ $? != 0 ] ; then\n    # print error to STDERR\n    echo \"error: The sandbox is not in sync with the Podfile.lock. Run 'pod install' or update your CocoaPods installation.\" >&2\n    exit 1\nfi\n# This output is used by Xcode 'outputs' to avoid re-running this script phase.\necho \"SUCCESS\" > \"${SCRIPT_OUTPUT_FILE_0}\"\n";
			showEnvVarsInLog = 0;
		};
		D0B160FF4183835AB8D6E067 /* [CP] Check Pods Manifest.lock */ = {
			isa = PBXShellScriptBuildPhase;
			buildActionMask = 2147483647;
			files = (
			);
			inputFileListPaths = (
			);
			inputPaths = (
				"${PODS_PODFILE_DIR_PATH}/Podfile.lock",
				"${PODS_ROOT}/Manifest.lock",
			);
			name = "[CP] Check Pods Manifest.lock";
			outputFileListPaths = (
			);
			outputPaths = (
				"$(DERIVED_FILE_DIR)/Pods-ExampleApp-checkManifestLockResult.txt",
			);
			runOnlyForDeploymentPostprocessing = 0;
			shellPath = /bin/sh;
			shellScript = "diff \"${PODS_PODFILE_DIR_PATH}/Podfile.lock\" \"${PODS_ROOT}/Manifest.lock\" > /dev/null\nif [ $? != 0 ] ; then\n    # print error to STDERR\n    echo \"error: The sandbox is not in sync with the Podfile.lock. Run 'pod install' or update your CocoaPods installation.\" >&2\n    exit 1\nfi\n# This output is used by Xcode 'outputs' to avoid re-running this script phase.\necho \"SUCCESS\" > \"${SCRIPT_OUTPUT_FILE_0}\"\n";
			showEnvVarsInLog = 0;
		};
/* End PBXShellScriptBuildPhase section */

/* Begin PBXSourcesBuildPhase section */
		CEF8911D2B9834BB0033AE93 /* Sources */ = {
			isa = PBXSourcesBuildPhase;
			buildActionMask = 2147483647;
			files = (
				CEBBB40B2B9C1BE5007305CF /* Utils.swift in Sources */,
				CEFE53D22BA0009D00C62826 /* KeccakDylibCircuitView.swift in Sources */,
				CE259EC92B99CCB60035CC36 /* mopro.swift in Sources */,
				CEF891252B9834BB0033AE93 /* ExampleAppApp.swift in Sources */,
				CEBBB4072B9C1974007305CF /* MultiplierCircuitView.swift in Sources */,
				CEBBB4092B9C1A36007305CF /* KeccakCircuitView.swift in Sources */,
			);
			runOnlyForDeploymentPostprocessing = 0;
		};
		CEF8912D2B9834BC0033AE93 /* Sources */ = {
			isa = PBXSourcesBuildPhase;
			buildActionMask = 2147483647;
			files = (
				CEF891362B9834BC0033AE93 /* ExampleAppTests.swift in Sources */,
				CE259ECC2B99DF5E0035CC36 /* mopro.swift in Sources */,
			);
			runOnlyForDeploymentPostprocessing = 0;
		};
		CEF891372B9834BC0033AE93 /* Sources */ = {
			isa = PBXSourcesBuildPhase;
			buildActionMask = 2147483647;
			files = (
				CE259ECB2B99DF5D0035CC36 /* mopro.swift in Sources */,
				CEF891402B9834BC0033AE93 /* ExampleAppUITests.swift in Sources */,
				CEF891422B9834BC0033AE93 /* ExampleAppUITestsLaunchTests.swift in Sources */,
			);
			runOnlyForDeploymentPostprocessing = 0;
		};
/* End PBXSourcesBuildPhase section */

/* Begin PBXTargetDependency section */
		CEF891332B9834BC0033AE93 /* PBXTargetDependency */ = {
			isa = PBXTargetDependency;
			target = CEF891202B9834BB0033AE93 /* ExampleApp */;
			targetProxy = CEF891322B9834BC0033AE93 /* PBXContainerItemProxy */;
		};
		CEF8913D2B9834BC0033AE93 /* PBXTargetDependency */ = {
			isa = PBXTargetDependency;
			target = CEF891202B9834BB0033AE93 /* ExampleApp */;
			targetProxy = CEF8913C2B9834BC0033AE93 /* PBXContainerItemProxy */;
		};
/* End PBXTargetDependency section */

/* Begin XCBuildConfiguration section */
		CEF891432B9834BC0033AE93 /* Debug */ = {
			isa = XCBuildConfiguration;
			buildSettings = {
				ALWAYS_SEARCH_USER_PATHS = NO;
				ASSETCATALOG_COMPILER_GENERATE_SWIFT_ASSET_SYMBOL_EXTENSIONS = YES;
				CLANG_ANALYZER_NONNULL = YES;
				CLANG_ANALYZER_NUMBER_OBJECT_CONVERSION = YES_AGGRESSIVE;
				CLANG_CXX_LANGUAGE_STANDARD = "gnu++20";
				CLANG_ENABLE_MODULES = YES;
				CLANG_ENABLE_OBJC_ARC = YES;
				CLANG_ENABLE_OBJC_WEAK = YES;
				CLANG_WARN_BLOCK_CAPTURE_AUTORELEASING = YES;
				CLANG_WARN_BOOL_CONVERSION = YES;
				CLANG_WARN_COMMA = YES;
				CLANG_WARN_CONSTANT_CONVERSION = YES;
				CLANG_WARN_DEPRECATED_OBJC_IMPLEMENTATIONS = YES;
				CLANG_WARN_DIRECT_OBJC_ISA_USAGE = YES_ERROR;
				CLANG_WARN_DOCUMENTATION_COMMENTS = YES;
				CLANG_WARN_EMPTY_BODY = YES;
				CLANG_WARN_ENUM_CONVERSION = YES;
				CLANG_WARN_INFINITE_RECURSION = YES;
				CLANG_WARN_INT_CONVERSION = YES;
				CLANG_WARN_NON_LITERAL_NULL_CONVERSION = YES;
				CLANG_WARN_OBJC_IMPLICIT_RETAIN_SELF = YES;
				CLANG_WARN_OBJC_LITERAL_CONVERSION = YES;
				CLANG_WARN_OBJC_ROOT_CLASS = YES_ERROR;
				CLANG_WARN_QUOTED_INCLUDE_IN_FRAMEWORK_HEADER = YES;
				CLANG_WARN_RANGE_LOOP_ANALYSIS = YES;
				CLANG_WARN_STRICT_PROTOTYPES = YES;
				CLANG_WARN_SUSPICIOUS_MOVE = YES;
				CLANG_WARN_UNGUARDED_AVAILABILITY = YES_AGGRESSIVE;
				CLANG_WARN_UNREACHABLE_CODE = YES;
				CLANG_WARN__DUPLICATE_METHOD_MATCH = YES;
				COPY_PHASE_STRIP = NO;
				DEBUG_INFORMATION_FORMAT = dwarf;
				ENABLE_STRICT_OBJC_MSGSEND = YES;
				ENABLE_TESTABILITY = YES;
				ENABLE_USER_SCRIPT_SANDBOXING = YES;
				GCC_C_LANGUAGE_STANDARD = gnu17;
				GCC_DYNAMIC_NO_PIC = NO;
				GCC_NO_COMMON_BLOCKS = YES;
				GCC_OPTIMIZATION_LEVEL = 0;
				GCC_PREPROCESSOR_DEFINITIONS = (
					"DEBUG=1",
					"$(inherited)",
				);
				GCC_WARN_64_TO_32_BIT_CONVERSION = YES;
				GCC_WARN_ABOUT_RETURN_TYPE = YES_ERROR;
				GCC_WARN_UNDECLARED_SELECTOR = YES;
				GCC_WARN_UNINITIALIZED_AUTOS = YES_AGGRESSIVE;
				GCC_WARN_UNUSED_FUNCTION = YES;
				GCC_WARN_UNUSED_VARIABLE = YES;
				IPHONEOS_DEPLOYMENT_TARGET = 17.2;
				LOCALIZATION_PREFERS_STRING_CATALOGS = YES;
				MTL_ENABLE_DEBUG_INFO = INCLUDE_SOURCE;
				MTL_FAST_MATH = YES;
				ONLY_ACTIVE_ARCH = YES;
				SDKROOT = iphoneos;
				SWIFT_ACTIVE_COMPILATION_CONDITIONS = "DEBUG $(inherited)";
				SWIFT_OPTIMIZATION_LEVEL = "-Onone";
			};
			name = Debug;
		};
		CEF891442B9834BC0033AE93 /* Release */ = {
			isa = XCBuildConfiguration;
			buildSettings = {
				ALWAYS_SEARCH_USER_PATHS = NO;
				ASSETCATALOG_COMPILER_GENERATE_SWIFT_ASSET_SYMBOL_EXTENSIONS = YES;
				CLANG_ANALYZER_NONNULL = YES;
				CLANG_ANALYZER_NUMBER_OBJECT_CONVERSION = YES_AGGRESSIVE;
				CLANG_CXX_LANGUAGE_STANDARD = "gnu++20";
				CLANG_ENABLE_MODULES = YES;
				CLANG_ENABLE_OBJC_ARC = YES;
				CLANG_ENABLE_OBJC_WEAK = YES;
				CLANG_WARN_BLOCK_CAPTURE_AUTORELEASING = YES;
				CLANG_WARN_BOOL_CONVERSION = YES;
				CLANG_WARN_COMMA = YES;
				CLANG_WARN_CONSTANT_CONVERSION = YES;
				CLANG_WARN_DEPRECATED_OBJC_IMPLEMENTATIONS = YES;
				CLANG_WARN_DIRECT_OBJC_ISA_USAGE = YES_ERROR;
				CLANG_WARN_DOCUMENTATION_COMMENTS = YES;
				CLANG_WARN_EMPTY_BODY = YES;
				CLANG_WARN_ENUM_CONVERSION = YES;
				CLANG_WARN_INFINITE_RECURSION = YES;
				CLANG_WARN_INT_CONVERSION = YES;
				CLANG_WARN_NON_LITERAL_NULL_CONVERSION = YES;
				CLANG_WARN_OBJC_IMPLICIT_RETAIN_SELF = YES;
				CLANG_WARN_OBJC_LITERAL_CONVERSION = YES;
				CLANG_WARN_OBJC_ROOT_CLASS = YES_ERROR;
				CLANG_WARN_QUOTED_INCLUDE_IN_FRAMEWORK_HEADER = YES;
				CLANG_WARN_RANGE_LOOP_ANALYSIS = YES;
				CLANG_WARN_STRICT_PROTOTYPES = YES;
				CLANG_WARN_SUSPICIOUS_MOVE = YES;
				CLANG_WARN_UNGUARDED_AVAILABILITY = YES_AGGRESSIVE;
				CLANG_WARN_UNREACHABLE_CODE = YES;
				CLANG_WARN__DUPLICATE_METHOD_MATCH = YES;
				COPY_PHASE_STRIP = NO;
				DEBUG_INFORMATION_FORMAT = "dwarf-with-dsym";
				ENABLE_NS_ASSERTIONS = NO;
				ENABLE_STRICT_OBJC_MSGSEND = YES;
				ENABLE_USER_SCRIPT_SANDBOXING = YES;
				GCC_C_LANGUAGE_STANDARD = gnu17;
				GCC_NO_COMMON_BLOCKS = YES;
				GCC_WARN_64_TO_32_BIT_CONVERSION = YES;
				GCC_WARN_ABOUT_RETURN_TYPE = YES_ERROR;
				GCC_WARN_UNDECLARED_SELECTOR = YES;
				GCC_WARN_UNINITIALIZED_AUTOS = YES_AGGRESSIVE;
				GCC_WARN_UNUSED_FUNCTION = YES;
				GCC_WARN_UNUSED_VARIABLE = YES;
				IPHONEOS_DEPLOYMENT_TARGET = 17.2;
				LOCALIZATION_PREFERS_STRING_CATALOGS = YES;
				MTL_ENABLE_DEBUG_INFO = NO;
				MTL_FAST_MATH = YES;
				SDKROOT = iphoneos;
				SWIFT_COMPILATION_MODE = wholemodule;
				VALIDATE_PRODUCT = YES;
			};
			name = Release;
		};
		CEF891462B9834BC0033AE93 /* Debug */ = {
			isa = XCBuildConfiguration;
			baseConfigurationReference = 34902FC9EAE055F0B5C523BE /* Pods-ExampleApp.debug.xcconfig */;
			buildSettings = {
				ASSETCATALOG_COMPILER_APPICON_NAME = AppIcon;
				ASSETCATALOG_COMPILER_GLOBAL_ACCENT_COLOR_NAME = AccentColor;
				CODE_SIGN_STYLE = Automatic;
				CURRENT_PROJECT_VERSION = 1;
				DEVELOPMENT_ASSET_PATHS = "\"ExampleApp/Preview Content\"";
				DEVELOPMENT_TEAM = 2699K68G5P;
				ENABLE_PREVIEWS = YES;
				GENERATE_INFOPLIST_FILE = YES;
				INFOPLIST_KEY_UIApplicationSceneManifest_Generation = YES;
				INFOPLIST_KEY_UIApplicationSupportsIndirectInputEvents = YES;
				INFOPLIST_KEY_UILaunchScreen_Generation = YES;
				INFOPLIST_KEY_UISupportedInterfaceOrientations_iPad = "UIInterfaceOrientationPortrait UIInterfaceOrientationPortraitUpsideDown UIInterfaceOrientationLandscapeLeft UIInterfaceOrientationLandscapeRight";
				INFOPLIST_KEY_UISupportedInterfaceOrientations_iPhone = "UIInterfaceOrientationPortrait UIInterfaceOrientationLandscapeLeft UIInterfaceOrientationLandscapeRight";
				LD_RUNPATH_SEARCH_PATHS = (
					"$(inherited)",
					"@executable_path/Frameworks",
				);
				MARKETING_VERSION = 1.0;
				PRODUCT_BUNDLE_IDENTIFIER = com.mopro.ExampleApp;
				PRODUCT_NAME = "$(TARGET_NAME)";
				SWIFT_EMIT_LOC_STRINGS = YES;
				SWIFT_VERSION = 5.0;
				TARGETED_DEVICE_FAMILY = "1";
			};
			name = Debug;
		};
		CEF891472B9834BC0033AE93 /* Release */ = {
			isa = XCBuildConfiguration;
			baseConfigurationReference = 79F2CCF85316717FBA0047F7 /* Pods-ExampleApp.release.xcconfig */;
			buildSettings = {
				ASSETCATALOG_COMPILER_APPICON_NAME = AppIcon;
				ASSETCATALOG_COMPILER_GLOBAL_ACCENT_COLOR_NAME = AccentColor;
				CODE_SIGN_STYLE = Automatic;
				CURRENT_PROJECT_VERSION = 1;
				DEVELOPMENT_ASSET_PATHS = "\"ExampleApp/Preview Content\"";
				DEVELOPMENT_TEAM = 2699K68G5P;
				ENABLE_PREVIEWS = YES;
				GENERATE_INFOPLIST_FILE = YES;
				INFOPLIST_KEY_UIApplicationSceneManifest_Generation = YES;
				INFOPLIST_KEY_UIApplicationSupportsIndirectInputEvents = YES;
				INFOPLIST_KEY_UILaunchScreen_Generation = YES;
				INFOPLIST_KEY_UISupportedInterfaceOrientations_iPad = "UIInterfaceOrientationPortrait UIInterfaceOrientationPortraitUpsideDown UIInterfaceOrientationLandscapeLeft UIInterfaceOrientationLandscapeRight";
				INFOPLIST_KEY_UISupportedInterfaceOrientations_iPhone = "UIInterfaceOrientationPortrait UIInterfaceOrientationLandscapeLeft UIInterfaceOrientationLandscapeRight";
				LD_RUNPATH_SEARCH_PATHS = (
					"$(inherited)",
					"@executable_path/Frameworks",
				);
				MARKETING_VERSION = 1.0;
				PRODUCT_BUNDLE_IDENTIFIER = com.mopro.ExampleApp;
				PRODUCT_NAME = "$(TARGET_NAME)";
				SWIFT_EMIT_LOC_STRINGS = YES;
				SWIFT_VERSION = 5.0;
				TARGETED_DEVICE_FAMILY = "1";
			};
			name = Release;
		};
		CEF891492B9834BC0033AE93 /* Debug */ = {
			isa = XCBuildConfiguration;
			baseConfigurationReference = 62FB889F6A23D771D5DF296E /* Pods-ExampleAppTests.debug.xcconfig */;
			buildSettings = {
				ALWAYS_EMBED_SWIFT_STANDARD_LIBRARIES = YES;
				BUNDLE_LOADER = "$(TEST_HOST)";
				CODE_SIGN_STYLE = Automatic;
				CURRENT_PROJECT_VERSION = 1;
				DEVELOPMENT_TEAM = 2699K68G5P;
				GENERATE_INFOPLIST_FILE = YES;
				IPHONEOS_DEPLOYMENT_TARGET = 17.2;
				MARKETING_VERSION = 1.0;
				PRODUCT_BUNDLE_IDENTIFIER = com.mopro.ExampleAppTests;
				PRODUCT_NAME = "$(TARGET_NAME)";
				SWIFT_EMIT_LOC_STRINGS = NO;
				SWIFT_VERSION = 5.0;
				TARGETED_DEVICE_FAMILY = "1";
				TEST_HOST = "$(BUILT_PRODUCTS_DIR)/ExampleApp.app/$(BUNDLE_EXECUTABLE_FOLDER_PATH)/ExampleApp";
			};
			name = Debug;
		};
		CEF8914A2B9834BC0033AE93 /* Release */ = {
			isa = XCBuildConfiguration;
			baseConfigurationReference = 2B295895D9D651ADC8A3FD53 /* Pods-ExampleAppTests.release.xcconfig */;
			buildSettings = {
				ALWAYS_EMBED_SWIFT_STANDARD_LIBRARIES = YES;
				BUNDLE_LOADER = "$(TEST_HOST)";
				CODE_SIGN_STYLE = Automatic;
				CURRENT_PROJECT_VERSION = 1;
				DEVELOPMENT_TEAM = 2699K68G5P;
				GENERATE_INFOPLIST_FILE = YES;
				IPHONEOS_DEPLOYMENT_TARGET = 17.2;
				MARKETING_VERSION = 1.0;
				PRODUCT_BUNDLE_IDENTIFIER = com.mopro.ExampleAppTests;
				PRODUCT_NAME = "$(TARGET_NAME)";
				SWIFT_EMIT_LOC_STRINGS = NO;
				SWIFT_VERSION = 5.0;
				TARGETED_DEVICE_FAMILY = "1";
				TEST_HOST = "$(BUILT_PRODUCTS_DIR)/ExampleApp.app/$(BUNDLE_EXECUTABLE_FOLDER_PATH)/ExampleApp";
			};
			name = Release;
		};
		CEF8914C2B9834BC0033AE93 /* Debug */ = {
			isa = XCBuildConfiguration;
			baseConfigurationReference = C54051D9C0E3A7517C109F23 /* Pods-ExampleApp-ExampleAppUITests.debug.xcconfig */;
			buildSettings = {
				ALWAYS_EMBED_SWIFT_STANDARD_LIBRARIES = YES;
				CODE_SIGN_STYLE = Automatic;
				CURRENT_PROJECT_VERSION = 1;
				DEVELOPMENT_TEAM = 2699K68G5P;
				GENERATE_INFOPLIST_FILE = YES;
				MARKETING_VERSION = 1.0;
				PRODUCT_BUNDLE_IDENTIFIER = com.mopro.ExampleAppUITests;
				PRODUCT_NAME = "$(TARGET_NAME)";
				SWIFT_EMIT_LOC_STRINGS = NO;
				SWIFT_VERSION = 5.0;
				TARGETED_DEVICE_FAMILY = "1";
				TEST_TARGET_NAME = ExampleApp;
			};
			name = Debug;
		};
		CEF8914D2B9834BC0033AE93 /* Release */ = {
			isa = XCBuildConfiguration;
			baseConfigurationReference = F80B6518EE5CB44358676AD9 /* Pods-ExampleApp-ExampleAppUITests.release.xcconfig */;
			buildSettings = {
				ALWAYS_EMBED_SWIFT_STANDARD_LIBRARIES = YES;
				CODE_SIGN_STYLE = Automatic;
				CURRENT_PROJECT_VERSION = 1;
				DEVELOPMENT_TEAM = 2699K68G5P;
				GENERATE_INFOPLIST_FILE = YES;
				MARKETING_VERSION = 1.0;
				PRODUCT_BUNDLE_IDENTIFIER = com.mopro.ExampleAppUITests;
				PRODUCT_NAME = "$(TARGET_NAME)";
				SWIFT_EMIT_LOC_STRINGS = NO;
				SWIFT_VERSION = 5.0;
				TARGETED_DEVICE_FAMILY = "1";
				TEST_TARGET_NAME = ExampleApp;
			};
			name = Release;
		};
/* End XCBuildConfiguration section */

/* Begin XCConfigurationList section */
		CEF8911C2B9834BB0033AE93 /* Build configuration list for PBXProject "ExampleApp" */ = {
			isa = XCConfigurationList;
			buildConfigurations = (
				CEF891432B9834BC0033AE93 /* Debug */,
				CEF891442B9834BC0033AE93 /* Release */,
			);
			defaultConfigurationIsVisible = 0;
			defaultConfigurationName = Release;
		};
		CEF891452B9834BC0033AE93 /* Build configuration list for PBXNativeTarget "ExampleApp" */ = {
			isa = XCConfigurationList;
			buildConfigurations = (
				CEF891462B9834BC0033AE93 /* Debug */,
				CEF891472B9834BC0033AE93 /* Release */,
			);
			defaultConfigurationIsVisible = 0;
			defaultConfigurationName = Release;
		};
		CEF891482B9834BC0033AE93 /* Build configuration list for PBXNativeTarget "ExampleAppTests" */ = {
			isa = XCConfigurationList;
			buildConfigurations = (
				CEF891492B9834BC0033AE93 /* Debug */,
				CEF8914A2B9834BC0033AE93 /* Release */,
			);
			defaultConfigurationIsVisible = 0;
			defaultConfigurationName = Release;
		};
		CEF8914B2B9834BC0033AE93 /* Build configuration list for PBXNativeTarget "ExampleAppUITests" */ = {
			isa = XCConfigurationList;
			buildConfigurations = (
				CEF8914C2B9834BC0033AE93 /* Debug */,
				CEF8914D2B9834BC0033AE93 /* Release */,
			);
			defaultConfigurationIsVisible = 0;
			defaultConfigurationName = Release;
		};
/* End XCConfigurationList section */
	};
	rootObject = CEF891192B9834BB0033AE93 /* Project object */;
}
